
Microsoft Visual Studio Solution File, Format Version 12.00
# Visual Studio 15
VisualStudioVersion = 15.0.27130.2027
MinimumVisualStudioVersion = 10.0.40219.1
Project("{9A19103F-16F7-4668-BE54-9A1E7A4F7556}") = "NopExperts.Nop.Plugins.RemarketyWebApi", "NopExperts.Nop.Plugins.RemarketyWebApi\NopExperts.Nop.Plugins.RemarketyWebApi.csproj", "{5C8CD05B-80CC-42FE-B51F-8127157BE275}"
EndProject
Global
	GlobalSection(SolutionConfigurationPlatforms) = preSolution
		Debug|Any CPU = Debug|Any CPU
		Release|Any CPU = Release|Any CPU
	EndGlobalSection
	GlobalSection(ProjectConfigurationPlatforms) = postSolution
		{5C8CD05B-80CC-42FE-B51F-8127157BE275}.Debug|Any CPU.ActiveCfg = Debug|Any CPU
		{5C8CD05B-80CC-42FE-B51F-8127157BE275}.Debug|Any CPU.Build.0 = Debug|Any CPU
		{5C8CD05B-80CC-42FE-B51F-8127157BE275}.Release|Any CPU.ActiveCfg = Release|Any CPU
		{5C8CD05B-80CC-42FE-B51F-8127157BE275}.Release|Any CPU.Build.0 = Release|Any CPU
	EndGlobalSection
	GlobalSection(SolutionProperties) = preSolution
		HideSolutionNode = FALSE
	EndGlobalSection
	GlobalSection(ExtensibilityGlobals) = postSolution
		SolutionGuid = {879FCA88-270A-4DC1-A7DD-3F973113084A}
	EndGlobalSection
EndGlobal
